{
  "name": "onto2d",
  "version": "0.1.0",
  "lockfileVersion": 3,
  "requires": true,
  "packages": {
    "": {
      "name": "onto2d",
      "version": "0.1.0",
      "license": "MIT",
      "workspaces": [
        "packages/*"
      ],
      "engines": {
        "node": ">=20"
      }
    },
    "node_modules/@onto2d/catalog-adapter": {
      "resolved": "packages/catalog-adapter",
      "link": true
    },
    "node_modules/@onto2d/kernel": {
      "resolved": "packages/kernel",
      "link": true
    },
    "node_modules/@onto2d/schemas": {
      "resolved": "packages/schemas",
      "link": true
    },
    "node_modules/@onto2d/scientific-adapter": {
      "resolved": "packages/scientific-adapter",
      "link": true
    },
    "packages/catalog-adapter": {
      "name": "@onto2d/catalog-adapter",
      "version": "0.1.0",
      "license": "MIT",
      "engines": {
        "node": ">=20"
      }
    },
    "packages/kernel": {
      "name": "@onto2d/kernel",
      "version": "0.1.0",
      "license": "MIT",
      "engines": {
        "node": ">=20"
      }
    },
    "packages/schemas": {
      "name": "@onto2d/schemas",
      "version": "0.1.0",
      "license": "MIT",
      "engines": {
        "node": ">=20"
      }
    },
    "packages/scientific-adapter": {
      "name": "@onto2d/scientific-adapter",
      "version": "0.1.0",
      "license": "MIT",
      "engines": {
        "node": ">=20"
      }
    }
  }
}
